<?xml version="1.0" encoding="utf-8"?>
<Project ToolsVersion="4.0" xmlns="http://schemas.microsoft.com/developer/msbuild/2003">
  <ItemGroup>
    <Filter Include="Basic Classes">
      <UniqueIdentifier>{2cd2f98e-dd7b-4a6d-b12a-ada7f54a150e}</UniqueIdentifier>
    </Filter>
    <Filter Include="Bildings">
      <UniqueIdentifier>{4e557983-83a6-47f5-af29-1429405193e6}</UniqueIdentifier>
    </Filter>
  </ItemGroup>
  <ItemGroup>
    <None Include="packages.config" />
  </ItemGroup>
  <ItemGroup>
    <ClCompile Include="Bildins\Kitchen.cpp">
      <Filter>Bildings</Filter>
    </ClCompile>
    <ClCompile Include="Bildins\Sawmill.cpp">
      <Filter>Bildings</Filter>
    </ClCompile>
    <ClCompile Include="Bildins\Bilding.cpp">
      <Filter>Bildings</Filter>
    </ClCompile>
    <ClCompile Include="Bildins\Hospital.cpp">
      <Filter>Bildings</Filter>
    </ClCompile>
    <ClCompile Include="Bildins\House.cpp">
      <Filter>Bildings</Filter>
    </ClCompile>
    <ClCompile Include="Bildins\HuntersHouse.cpp">
      <Filter>Bildings</Filter>
    </ClCompile>
    <ClCompile Include="Source.cpp">
      <Filter>Basic Classes</Filter>
    </ClCompile>
    <ClCompile Include="BassicClasses\Resource_manager.cpp">
      <Filter>Basic Classes</Filter>
    </ClCompile>
    <ClCompile Include="BassicClasses\Manager.cpp">
      <Filter>Basic Classes</Filter>
    </ClCompile>
    <ClCompile Include="BassicClasses\Map.cpp">
      <Filter>Basic Classes</Filter>
    </ClCompile>
    <ClCompile Include="BassicClasses\MSG.cpp">
      <Filter>Basic Classes</Filter>
    </ClCompile>
  </ItemGroup>
  <ItemGroup>
    <ClInclude Include="Bildins\Kitchen.h">
      <Filter>Bildings</Filter>
    </ClInclude>
    <ClInclude Include="Bildins\Sawmill.h">
      <Filter>Bildings</Filter>
    </ClInclude>
    <ClInclude Include="Bildins\Bilding.h">
      <Filter>Bildings</Filter>
    </ClInclude>
    <ClInclude Include="Bildins\Hospital.h">
      <Filter>Bildings</Filter>
    </ClInclude>
    <ClInclude Include="Bildins\House.h">
      <Filter>Bildings</Filter>
    </ClInclude>
    <ClInclude Include="Bildins\HuntersHouse.h">
      <Filter>Bildings</Filter>
    </ClInclude>
    <ClInclude Include="BassicClasses\MSG.h">
      <Filter>Basic Classes</Filter>
    </ClInclude>
    <ClInclude Include="BassicClasses\Resource_manager.h">
      <Filter>Basic Classes</Filter>
    </ClInclude>
    <ClInclude Include="BassicClasses\Manager.h">
      <Filter>Basic Classes</Filter>
    </ClInclude>
    <ClInclude Include="BassicClasses\Map.h">
      <Filter>Basic Classes</Filter>
    </ClInclude>
  </ItemGroup>
</Project>