<?xml version="1.0" encoding="utf-8"?>
<Project ToolsVersion="4.0" xmlns="http://schemas.microsoft.com/developer/msbuild/2003">
  <ItemGroup>
    <Filter Include="Файлы заголовков">
      <UniqueIdentifier>{93995380-89BD-4b04-88EB-625FBE52EBFB}</UniqueIdentifier>
      <Extensions>h;hh;hpp;hxx;h++;hm;inl;inc;ipp;xsd</Extensions>
    </Filter>
    <Filter Include="Файлы ресурсов">
      <UniqueIdentifier>{67DA6AB6-F800-4c08-8B7A-83BB121AAD01}</UniqueIdentifier>
      <Extensions>rc;ico;cur;bmp;dlg;rc2;rct;bin;rgs;gif;jpg;jpeg;jpe;resx;tiff;tif;png;wav;mfcribbon-ms</Extensions>
    </Filter>
    <Filter Include="Basic Classes">
      <UniqueIdentifier>{2cd2f98e-dd7b-4a6d-b12a-ada7f54a150e}</UniqueIdentifier>
    </Filter>
  </ItemGroup>
  <ItemGroup>
    <None Include="packages.config" />
  </ItemGroup>
  <ItemGroup>
    <ClInclude Include="House.h">
      <Filter>Файлы заголовков</Filter>
    </ClInclude>
    <ClInclude Include="Manager.h">
      <Filter>Файлы заголовков</Filter>
    </ClInclude>
    <ClInclude Include="MSG.h">
      <Filter>Файлы заголовков</Filter>
    </ClInclude>
    <ClInclude Include="Bild_new.h">
      <Filter>Файлы заголовков</Filter>
    </ClInclude>
    <ClInclude Include="building.h">
      <Filter>Файлы заголовков</Filter>
    </ClInclude>
    <ClInclude Include="Blding.h">
      <Filter>Файлы заголовков</Filter>
    </ClInclude>
  </ItemGroup>
  <ItemGroup>
    <ClCompile Include="Bild_new.cpp">
      <Filter>Basic Classes</Filter>
    </ClCompile>
    <ClCompile Include="House.cpp">
      <Filter>Basic Classes</Filter>
    </ClCompile>
    <ClCompile Include="Manager.cpp">
      <Filter>Basic Classes</Filter>
    </ClCompile>
    <ClCompile Include="MSG.cpp">
      <Filter>Basic Classes</Filter>
    </ClCompile>
    <ClCompile Include="Source.cpp">
      <Filter>Basic Classes</Filter>
    </ClCompile>
    <ClCompile Include="Blding.cpp">
      <Filter>Basic Classes</Filter>
    </ClCompile>
  </ItemGroup>
</Project>